
Microsoft Visual Studio Solution File, Format Version 12.00
# Visual Studio 15
VisualStudioVersion = 15.0.27428.2043
MinimumVisualStudioVersion = 10.0.40219.1
Project("{FAE04EC0-301F-11D3-BF4B-00C04F79EFBC}") = "Program 0", "Program 0\Program 0.csproj", "{5E9F90B1-12D7-419F-9C0F-D3C5B88B1346}"
EndProject
Global
	GlobalSection(SolutionConfigurationPlatforms) = preSolution
		Debug|Any CPU = Debug|Any CPU
		Release|Any CPU = Release|Any CPU
	EndGlobalSection
	GlobalSection(ProjectConfigurationPlatforms) = postSolution
		{5E9F90B1-12D7-419F-9C0F-D3C5B88B1346}.Debug|Any CPU.ActiveCfg = Debug|Any CPU
		{5E9F90B1-12D7-419F-9C0F-D3C5B88B1346}.Debug|Any CPU.Build.0 = Debug|Any CPU
		{5E9F90B1-12D7-419F-9C0F-D3C5B88B1346}.Release|Any CPU.ActiveCfg = Release|Any CPU
		{5E9F90B1-12D7-419F-9C0F-D3C5B88B1346}.Release|Any CPU.Build.0 = Release|Any CPU
	EndGlobalSection
	GlobalSection(SolutionProperties) = preSolution
		HideSolutionNode = FALSE
	EndGlobalSection
	GlobalSection(ExtensibilityGlobals) = postSolution
		SolutionGuid = {2A7E73E6-12A1-4973-B9E3-AE7214AABA3D}
	EndGlobalSection
EndGlobal
